
Microsoft Visual Studio Solution File, Format Version 12.00
# Visual Studio Version 16
VisualStudioVersion = 16.0.29613.14
MinimumVisualStudioVersion = 10.0.40219.1
Project("{9A19103F-16F7-4668-BE54-9A1E7A4F7556}") = "Homebuilder.Api", "Homebuilder.Api\Homebuilder.Api.csproj", "{23562910-B970-4532-8F21-8291BB8F5645}"
EndProject
Project("{9A19103F-16F7-4668-BE54-9A1E7A4F7556}") = "Homebuilder.Domain", "Homebuilder.Domain\Homebuilder.Domain.csproj", "{A913FF77-DD01-4ABE-96A0-CDCBA13CDC85}"
EndProject
Project("{9A19103F-16F7-4668-BE54-9A1E7A4F7556}") = "Homebuilder.Infrastructure", "Homebuilder.Infrastructure\Homebuilder.Infrastructure.csproj", "{29269989-C603-4435-9D29-5162DAF535F5}"
EndProject
Global
	GlobalSection(SolutionConfigurationPlatforms) = preSolution
		Debug|Any CPU = Debug|Any CPU
		Release|Any CPU = Release|Any CPU
	EndGlobalSection
	GlobalSection(ProjectConfigurationPlatforms) = postSolution
		{23562910-B970-4532-8F21-8291BB8F5645}.Debug|Any CPU.ActiveCfg = Debug|Any CPU
		{23562910-B970-4532-8F21-8291BB8F5645}.Debug|Any CPU.Build.0 = Debug|Any CPU
		{23562910-B970-4532-8F21-8291BB8F5645}.Release|Any CPU.ActiveCfg = Release|Any CPU
		{23562910-B970-4532-8F21-8291BB8F5645}.Release|Any CPU.Build.0 = Release|Any CPU
		{A913FF77-DD01-4ABE-96A0-CDCBA13CDC85}.Debug|Any CPU.ActiveCfg = Debug|Any CPU
		{A913FF77-DD01-4ABE-96A0-CDCBA13CDC85}.Debug|Any CPU.Build.0 = Debug|Any CPU
		{A913FF77-DD01-4ABE-96A0-CDCBA13CDC85}.Release|Any CPU.ActiveCfg = Release|Any CPU
		{A913FF77-DD01-4ABE-96A0-CDCBA13CDC85}.Release|Any CPU.Build.0 = Release|Any CPU
		{29269989-C603-4435-9D29-5162DAF535F5}.Debug|Any CPU.ActiveCfg = Debug|Any CPU
		{29269989-C603-4435-9D29-5162DAF535F5}.Debug|Any CPU.Build.0 = Debug|Any CPU
		{29269989-C603-4435-9D29-5162DAF535F5}.Release|Any CPU.ActiveCfg = Release|Any CPU
		{29269989-C603-4435-9D29-5162DAF535F5}.Release|Any CPU.Build.0 = Release|Any CPU
	EndGlobalSection
	GlobalSection(SolutionProperties) = preSolution
		HideSolutionNode = FALSE
	EndGlobalSection
	GlobalSection(ExtensibilityGlobals) = postSolution
		SolutionGuid = {B88943CE-283B-46B7-AC53-EA6165BD84F6}
	EndGlobalSection
EndGlobal
